{
    "_meta": {
        "hash": {
            "sha256": "7df0c6e4ba7eb91f11c899b0b70b6255ecf81edcaef4b7c412c60becd8f4808c"
        },
        "pipfile-spec": 6,
        "requires": {
            "python_version": "3"
        },
        "sources": [
            {
                "name": "pypi",
                "url": "https://pypi.org/simple",
                "verify_ssl": true
            }
        ]
    },
    "default": {
        "manchester-code": {
            "editable": true,
            "path": "."
        }
    },
    "develop": {
        "ast-serialize": {
            "hashes": [
                "sha256:0485a25ef519c62e749ee3c1ad8070e591b380d67226349eb5a70b228dc1ac4a",
                "sha256:057769b5921336eb2d9124f2a731b42ed05ffdac559b840dbdf6f3937cf153dc",
                "sha256:1f9caa63fad8241257ae401b5ff0a64026c6adb36b8e86cbe8782d9ea505daf6",
                "sha256:252f883290d1cdb728eb7fe1d9a7221b88af5a329aae0bc91ddee4dafb820331",
                "sha256:2880350b13d3eae69a0d70bc1fb6c9bfaca4dbd0e20ba8cd1aa483080b56ff06",
                "sha256:293cc1c5bfa741f8e3fbe8175b9c07beee487c9a6fdbb25a5acad9f1df2d30a9",
                "sha256:2d39a56282cfcc0d8eeea37267c754be59c98d48505c23b1dae5c6011f3813dd",
                "sha256:2efa40b068197d5efb62655b43baadb842ed71c4958cccd3e8b86a35726f0119",
                "sha256:31883542dd6c94d178f5db3d32fbd69c5eb88b3a7c018e7ac8cc0c45195ddbed",
                "sha256:3926fa117b5e65019853a2969966d11c7175af377a3425991f3fe73784412405",
                "sha256:39e92ff8e8cb45947fe9007174b2950e1fb098e6abd00266a13cd3bcf6675068",
                "sha256:3a8660fe66667b76a6e9dccd1d33e66b229fde3b308db991c041609226c005b6",
                "sha256:3ccebbed24f1281062d5852353c72c47502955926cfcb8345ffb3a44d87ff3d3",
                "sha256:3d822605fa7bb326ef868d25fafced7fc660fa46d9b90c02ea86d5e2f5d325f7",
                "sha256:40a57b73731be45da4fa41430c4d5dc94a24b3a4faba7b9e069978c0402064ea",
                "sha256:43dd6d596879bb1cb8a12cc9dae7bb10090a39a35883026c24f82488a195619a",
                "sha256:485f1113af805e9e170b95ef993ca3fbd4f89c04bab25c58b4fc632d854801ab",
                "sha256:4c38b915511e32bc718c49dbce98ff9af36bac0ad6a604f58000cd5e3aecdba7",
                "sha256:4ca7e6fd1ad845d1cc649dc2ecd499db2f8f46af5bf8da7b70dd858774cc038b",
                "sha256:5075b9da3ef807eda752502446dfecea3b381c4900b7e27a5d5f4f899eb39951",
                "sha256:54f95b486018d262bcb387a9afd96f0da74508b442762b80c769454a6fbb3ee3",
                "sha256:6102f2f985c2e542be85cd857678ec9356fefa792b93cadfadd31139f5696f27",
                "sha256:6479d9722a4cd21b578f5478074c41e6169f04811996ec881655560f703a5bba",
                "sha256:6c37c43e4004dfb42d321ddedc569dc17ff4259296f3af577c9ea46a809bc010",
                "sha256:6f18048fe9f6dd266bd577cdec48bdcecb74faaa01fe941324435483b013ed2a",
                "sha256:77308ae6c5cf5264cc0f01a7c556ec77a9e68eb1f61b093534d698139fdc3b14",
                "sha256:861794565b06337005c1447ef23103a3d5a627d08bdc827870d00d0b28ef5f51",
                "sha256:86b8a1e6d90467345356098b040150e82fbc26d24a7a202224b13dc1f6264ca0",
                "sha256:8c9d537f59e936392cfd3597789d1390304dd659efc3c486ce7f40fb6b8a9f53",
                "sha256:8d53a23f27e1ed3a36b2d26fd2a1a6228c8e85a1ed62ff7cdb44bd610769f20a",
                "sha256:9118ad3e369727060b2696fc4078f250ecffca4248ba87f537f55cea9f9dce06",
                "sha256:96abc072ad29db8d02194afd47d68987322622787daceae82398d7b69f3ba2e6",
                "sha256:9830ff7e764f74d9eefb01170c61a9f0fd2c027dac5fcb72e064decd57d56371",
                "sha256:9a2ef9cf12f2de4f1028c42c1dd7d775255e0fb3e5bb48896c97e35ef52366fe",
                "sha256:9d187197d234aa45d6cfa2b096be5f666e8cc2e7eb3722d0ab8926293cf5720c",
                "sha256:9da7330f3e235bf7da89b8d39205c6350fc0c08a85379743f2df9fff87d6d980",
                "sha256:a02cbed7d8bfdcdee88edaac12bd50d53d9953aaa2e1852ef078625be5f1c0b5",
                "sha256:a63bed264e818cd83eec11feed0f50aa162542b91132ef58afebc857182763a5",
                "sha256:ab0f9a59f7d63d0d441b56b9a818b273705264352d5115cfee12e940e816d958",
                "sha256:ac4f0a83c55a9b782f79ad55a5247b7db123c1db405959791c2ef886e9710c9f",
                "sha256:b2a5978662fd4db463dfb4b974d2b10ac6430b98f5333aabc7051909df3561d0",
                "sha256:bd84d60bca7079e741be4ac5dbe237751a59d7f6f9f0126b11880d63822cbe16",
                "sha256:c85d8d18db5b2dfcb3b7e38a4d600ca35504c0ed8a6f75cd1c811e4ffe248a15",
                "sha256:d8b3c8eee4c1baef9d4e84d2a59a805501617127be42615cb48970b15b0892b6",
                "sha256:db1b957291bca08c7e72f43a12357b2948e20775d970e3fc3dac0aa3160ab725",
                "sha256:ddd3b61f45c132da66c5476b281891e08c1fd87fbdabe8a6973e1622efc85f06",
                "sha256:e0910c3442a75216dde0f102d854ba2aaa71d2482e0ee213630b9bf29584fba3",
                "sha256:e1bd223df0f6c96b396975fa604cb33bce53d9b4a0185490be4c4a289f7c9c87",
                "sha256:e7266307e5fba39836edb79def8608887af48820508bff3c5f2941e1e04d1534",
                "sha256:e94f9121d13fa36cbf21314783c77d05ae3a0868decd18cf5233fdcc6de49ac8",
                "sha256:f0190a33d7f97c65e9069f7a7f40499eea6b5cbe260c558378109caf20ce934b",
                "sha256:f3186969ee66a9863b00acc6523ace44c56974eecb348a7ea4b228d9f0b80e19",
                "sha256:f359df4bd921918af8bebd142a376c77511d7151cc8ba852760b587b5a4a54f3",
                "sha256:f7cc5f10386994c0f4844f1e6d6a97127e9b478660eb6dec2b257644f0acab64",
                "sha256:fa70ed4dea0bb18b30a1789c77baa701d0ef30c474f2ccabdea61e25623a8827",
                "sha256:fdc0d5b18ff8fb364e87923e47c0a91d0d69dbcaeaa274591f7fd26892cc3a3a",
                "sha256:ffa5e7cb08f96fed9121f77b224151e41caf88feab9d652bb46c78202b6fbeda"
            ],
            "markers": "python_version >= '3.7'",
            "version": "==0.8.0"
        },
        "astroid": {
            "hashes": [
                "sha256:52f39653876c7dec3e3afd4c2696920e05c83832b9737afc21928f2d2eb7a753",
                "sha256:986fed8bcf79fb82c78b18a53352a0b287a73817d6dbcfba3162da36667c49a0"
            ],
            "markers": "python_full_version >= '3.10.0'",
            "version": "==4.0.4"
        },
        "black": {
            "hashes": [
                "sha256:0e48b87e03bf109288e55cfceadcfa15ff5470aca2851a851950ed2926f450d7",
                "sha256:1037d5ac7b7b310b2632ad867ec8d0e4c4819dcdb0b820f63135da746a24e418",
                "sha256:1ef92b76f7733f282fd096ea406200b5a286c42947412b0eaff3a74e3616cefe",
                "sha256:1f7ea64ebfa01b50f693508fc39f875e264446d3b097088f84f203b9d09618a0",
                "sha256:22f2cd76d069cc54c71f10360744ba8983fbb616903b4304a85b734915c8e1b4",
                "sha256:2b36cf2ddf5566e205f6535f782a62194a184d33e175b64ae8c40b1737522be3",
                "sha256:30d3c14661f2792e9142cce3eeeb1cbc175b3eb5f733be0c8eeb99651e52b0c3",
                "sha256:32d5ea7f6c8bdfa6e648326ebca1f02b0764e2a029edc6f8dce2627e19d468c3",
                "sha256:3915f256e75a2d7cf88d8953d37f780455dc586cc72dee059c528fe77f581217",
                "sha256:4ad6fa01f941920f54f2bbb35f3df7673428a0ef98a0b0840c2eaef3b110efa8",
                "sha256:4ed7f7da04046d2e488437170797d3b4a4ad83906683bcb7dfc68b673bbce5e2",
                "sha256:5119fa92ae61f786e8c3662fd60aece1d0a2dd5cca5d0c79417a95e7a4272a59",
                "sha256:577f21094ea469ef92ec1adaf2c9441a226d2144d01a5be2fa823cecf6543e50",
                "sha256:58b4bd92cf88aacf83d88479c8f9caee044b1ec55f2451a337354a7ea2590a22",
                "sha256:5c34b25da232ead53a6f335b76dbea124f4d152ad568b9080d6f944bc2b34b52",
                "sha256:87ed5c6f450580a2f6790bc7cbfb016dfc73bc750249762268a3695361315eef",
                "sha256:89c93167a74d3a75dfaa38a5c7cca015537d5820dd7f17d63267d674a61cae90",
                "sha256:96ae2c733b2aabdd9986e2c5df628ff3473676cd1c5faded1ff496cf6d74083c",
                "sha256:9942db8888e06943c5dde66ca0037dcff82a2a4ec1ad0ada9e0d2ee9d9823893",
                "sha256:9d98d4137277c75dfb898ec8d846c4fd68ba1e9cf77f95e2865c203dc18f4c3d",
                "sha256:a1dca32d9f1784af512a13410ec204c6f7f0aa9797a111c42e1c03449821c264",
                "sha256:dd321f668053961824bcc1be1cc1df748b2d7e4fa28086b08331e577b0100a73",
                "sha256:e1a26503279b6b310669fb0b219c39e4820b77e8189fe80f522bb511f247db0a",
                "sha256:e88976690a64b0af98312ca958415849cb42423423c5f2ee74af4b49a97a2168",
                "sha256:ea8d16dc41655aa113cd64665e7219446cd7e4ff2248d7178eaa905190c86b18",
                "sha256:ecb3e624844c798144e9bd986954e0adc81d8911a1f30f375e1252fe26e8c294",
                "sha256:ed1a20af114c301a0269bf01163d51dbef72737fd65f850001e7cbe7f3c7abae"
            ],
            "index": "pypi",
            "markers": "python_version >= '3.10'",
            "version": "==26.5.1"
        },
        "click": {
            "hashes": [
                "sha256:482be17c6991b8c19c5429a1e995d9b0efdbb63172824c41f99965dc0ade8ec2",
                "sha256:918b5633eddf6b41c32d4f454bf0de810065c74e3f7dbf8ee5452f8be88d3e96"
            ],
            "markers": "python_version >= '3.10'",
            "version": "==8.4.1"
        },
        "coverage": {
            "extras": [
                "toml"
            ],
            "hashes": [
                "sha256:03ffc58aacdf65d2a82bbeb1ffe4d01ead4017a21bfd0454983b88ca73af94b9",
                "sha256:097c1591f5af4496226d5783d036bf6fd6cd0cbc132e071b33861de756efb880",
                "sha256:0b944ee8459f515f28b851728ad224fa2d068f1513ef6b7ff1efafeb2185f999",
                "sha256:0ebbaddb2c19b71912c6f2518e791aa8b9f054985a0769bdb3a53ebbc765c6a1",
                "sha256:10b24412692df990dbc34f8fb1b6b13d236ace9dfdd68df5b28c2e39cafbba13",
                "sha256:10b6ba00ab1132a0ce4428ff68cf50a25efd6840a42cdf4239c9b99aad83be8b",
                "sha256:121da30abb574f6ce6ae09840dae322bef734480ceafe410117627aa54f76d82",
                "sha256:18afb24843cbc175687225cab1138c95d262337f5473512010e46831aa0c2973",
                "sha256:1b4fd784344d4e52647fd7857b2af5b3fbe6c239b0b5fa63e94eb67320770e0f",
                "sha256:1ca6db7c8807fb9e755d0379ccc39017ce0a84dcd26d14b5a03b78563776f681",
                "sha256:1ef2319dd15a0b009667301a3f84452a4dc6fddfd06b0c5c53ea472d3989fbf0",
                "sha256:2120043f147bebb41c85b97ac45dd173595ff14f2a584f2963891cbcc3091541",
                "sha256:212f8f2e0612778f09c55dd4872cb1f64a1f2b074393d139278ce902064d5b32",
                "sha256:240af60539987ced2c399809bd34f7c78e8abe0736af91c3d7d0e795df633d17",
                "sha256:2a78cd46550081a7909b3329e2266204d584866e8d97b898cd7fb5ac8d888b1a",
                "sha256:2af88deffcc8a4d5974cf2d502251bc3b2db8461f0b66d80a449c33757aa9f40",
                "sha256:2c8b9a0636f94c43cd3576811e05b89aa9bc2d0a85137affc544ae5cb0e4bfbd",
                "sha256:2fafd773231dd0378fdba66d339f84904a8e57a262f583530f4f156ab83863e6",
                "sha256:314f2c326ded3f4b09be11bc282eb2fc861184bc95748ae67b360ac962770be7",
                "sha256:33a5e6396ab684cb43dc7befa386258acb2d7fae7f67330ebb85ba4ea27938eb",
                "sha256:3445258bcded7d4aa630ab8296dea4d3f15a255588dd535f980c193ab6b95f3f",
                "sha256:35f5e3f9e455bb17831876048355dca0f758b6df22f49258cb5a91da23ef437d",
                "sha256:39508ffda4f343c35f3236fe8d1a6634a51f4581226a1262769d7f970e73bffe",
                "sha256:399a0b6347bcd3822be369392932884b8216d0944049ae22925631a9b3d4ba4c",
                "sha256:3a622ac801b17198020f09af3eaf45666b344a0d69fc2a6ffe2ea83aeef1d807",
                "sha256:4376538f36b533b46f8971d3a3e63464f2c7905c9800db97361c43a2b14792ab",
                "sha256:4b583b97ab2e3efe1b3e75248a9b333bd3f8b0b1b8e5b45578e05e5850dfb2c2",
                "sha256:4b6f236edf6e2f9ae8fcd1332da4e791c1b6ba0dc16a2dc94590ceccb482e546",
                "sha256:4da86b6d62a496e908ac2898243920c7992499c1712ff7c2b6d837cc69d9467e",
                "sha256:50aa94fb1fb9a397eaa19c0d5ec15a5edd03a47bf1a3a6111a16b36e190cff65",
                "sha256:567f5c155eda8df1d3d439d40a45a6a5f029b429b06648235f1e7e51b522b396",
                "sha256:5a02d5a850e2979b0a014c412573953995174743a3f7fa4ea5a6e9a3c5617431",
                "sha256:5e1e9802121405ede4b0133aa4340ad8186a1d2526de5b7c3eca519db7bb89fb",
                "sha256:5f33166f0dfcce728191f520bd2692914ec70fac2713f6bf3ce59c3deacb4699",
                "sha256:606cc265adc9aaedcc84f1f064f0e8736bc45814f15a357e30fca7ecc01504e0",
                "sha256:635adb9a4507c9fd2ed65f39693fa31c9a3ee3a8e6dc64df033e8fdf52a7003f",
                "sha256:65646bb0359386e07639c367a22cf9b5bf6304e8630b565d0626e2bdf329227a",
                "sha256:67f8c5cbcd3deb7a60b3345dffc89a961a484ed0af1f6f73de91705cc6e31235",
                "sha256:69212fbccdbd5b0e39eac4067e20a4a5256609e209547d86f740d68ad4f04911",
                "sha256:6b8b09c1fad947c84bbbc95eca841350fad9cbfa5a2d7ca88ac9f8d836c92e23",
                "sha256:6be8ed3039ae7f7ac5ce058c308484787c86e8437e72b30bf5e88b8ea10f3c87",
                "sha256:6e16e07d85ca0cf8bafe5f5d23a0b850064e8e945d5677492b06bbe6f09cc699",
                "sha256:736f227fb490f03c6488f9b6d45855f8e0fd749c007f9303ad30efab0e73c05a",
                "sha256:73ab1601f84dc804f7812dc297e93cd99381162da39c47040a827d4e8dafe63b",
                "sha256:77eb4c747061a6af8d0f7bdb31f1e108d172762ef579166ec84542f711d90256",
                "sha256:78a384e49f46b80fb4c901d52d92abe098e78768ed829c673fbb53c498bef73a",
                "sha256:7bb3b9ddb87ef7725056572368040c32775036472d5a033679d1fa6c8dc08417",
                "sha256:7ea7c6c9d0d286d04ed3541747e6597cbe4971f22648b68248f7ddcd329207f0",
                "sha256:7fe650342addd8524ca63d77b2362b02345e5f1a093266787d210c70a50b471a",
                "sha256:813922f35bd800dca9994c5971883cbc0d291128a5de6b167c7aa697fcf59360",
                "sha256:83082a57783239717ceb0ad584de3c69cf581b2a95ed6bf81ea66034f00401c0",
                "sha256:8421e088bc051361b01c4b3a50fd39a4b9133079a2229978d9d30511fd05231b",
                "sha256:86b0e7308289ddde73d863b7683f596d8d21c7d8664ce1dee061d0bcf3fbb4bb",
                "sha256:88127d40df529336a9836870436fc2751c339fbaed3a836d42c93f3e4bd1d0a2",
                "sha256:8fb190658865565c549b6b4706856d6a7b09302c797eb2cf8e7fe9dabb043f0d",
                "sha256:912e6ebc7a6e4adfdbb1aec371ad04c68854cd3bf3608b3514e7ff9062931d8a",
                "sha256:925a1edf3d810537c5a3abe78ec5530160c5f9a26b1f4270b40e62cc79304a1e",
                "sha256:93c1b03552081b2a4423091d6fb3787265b8f86af404cff98d1b5342713bdd69",
                "sha256:972b9e3a4094b053a4e46832b4bc829fc8a8d347160eb39d03f1690316a99c14",
                "sha256:981a651f543f2854abd3b5fcb3263aac581b18209be49863ba575de6edf4c14d",
                "sha256:99e4aa63097ab1118e75a848a28e40d68b08a5e19ce587891ab7fd04475e780f",
                "sha256:9fa6e4dd51fe15d8738708a973470f67a855ca50002294852e9571cdbd9433f2",
                "sha256:a0ec07fd264d0745ee396b666d47cef20875f4ff2375d7c4f58235886cc1ef0c",
                "sha256:a2d9a3b260cc1d1dbdb1c582e63ddcf5363426a1a68faa0f5da28d8ee3c722a0",
                "sha256:a3cc8638b2480865eaa3926d192e64ce6c51e3d29c849e09d5b4ad95efae5399",
                "sha256:a609f9c93113be646f44c2a0256d6ea375ad047005d7f57a5c15f614dc1b2f59",
                "sha256:a62c6ef0d50e6de320c270ff91d9dd0a05e7250cac2a800b7784bae474506e63",
                "sha256:a6442c59a8ac8b85812ce33bc4d05bde3fb22321fa8294e2a5b487c3505f611b",
                "sha256:a7b55a944a7f43892e28ad4bc0561dfd5f0d73e605d1aa5c3c976b52aea121d2",
                "sha256:a8b6f03672aa6734e700bbcd65ff050fd19cddfec4b031cc8cf1c6967de5a68e",
                "sha256:affef7c76a9ef259187ef31599a9260330e0335a3011732c4b9effa01e1cd6e0",
                "sha256:b06f260b16ead11643a5a9f955bd4b5fd76c1a4c6796aeade8520095b75de520",
                "sha256:b1c81d0e5e160651879755c9c675b974276f135558cf4ba79fee7b8413a515df",
                "sha256:b281d5eca50189325cfe1f365fafade89b14b4a78d9b40b05ddd1fc7d2a10a9c",
                "sha256:b51dcd060f18c19290d9b8a9dd1e0181538df2ce0717f562fff6cf74d9fc0b5b",
                "sha256:b7b8288eb7cdd268b0304632da8cb0bb93fadcfec2fe5712f7b9cc8f4d487be2",
                "sha256:b9be91986841a75042b3e3243d0b3cb0b2434252b977baaf0cd56e960fe1e46f",
                "sha256:ba58bbcd1b72f136080c0bccc2400d66cc6115f3f906c499013d065ac33a4b61",
                "sha256:bb45474711ba385c46a0bfe696c695a929ae69ac636cda8f532be9e8c93d720a",
                "sha256:bc01f57ca26269c2c706e838f6422e2a8788e41b3e3c65e2f41148212e57cd59",
                "sha256:bc91b314cef27742da486d6839b677b3f2793dfe52b51bbbb7cf736d5c29281c",
                "sha256:bda5e34f8a75721c96085903c6f2197dc398c20ffd98df33f866a9c8fd95f4bf",
                "sha256:c134869d5ffe34547d14e174c866fd8fe2254918cc0a95e99052903bc1543e07",
                "sha256:c41e71c9cfb854789dee6fc51e46743a6d138b1803fab6cb860af43265b42ea6",
                "sha256:c4e16bd7761c5e454f4efd36f345286d6f7c5fa111623c355691e2755cae3b9e",
                "sha256:c7315339eae3b24c2d2fa1ed7d7a38654cba34a13ef19fbcb9425da46d3dc594",
                "sha256:c79124f70465a150e89340de5963f936ee97097d2ef76c869708c4248c63ca49",
                "sha256:cac0fdca17b036af3881a9d2729a850b76553f3f716ccb0360ad4dbc06b3b843",
                "sha256:cc87dd1b6eaf0b848eebb1c86469b9f72a1891cb42ac7adcfbce75eadb13dd14",
                "sha256:cce2109b6219f22ece99db7644b9622f54a4e915dad65660ec435e89a3ea7cc3",
                "sha256:d41213ea25a86f69efd1575073d34ea11aabe075604ddf3d148ecfec9e1e96a1",
                "sha256:dc7c389dce432500273eaf48f410b37886be9208b2dd5710aaf7c57fd442c698",
                "sha256:dd5e856ebb7bfb7672b0086846db5afb4567a7b9714b8a0ebafd211ec7ce6a15",
                "sha256:e1ed71194ef6dea7ed2d5cb5f7243d4bcd334bfb63e59878519be558078f848d",
                "sha256:e201e015644e207139f7e2351980feb7040e6f4b2c2978892f3e3789d1c125e5",
                "sha256:e28299d9f2e889e6d51b1f043f58d5f997c373cc12e6403b90df95b8b047c13e",
                "sha256:f3c887f96407cea3916294046fc7dab611c2552beadbed4ea901cbc6a40cc7a0",
                "sha256:f49a05acd3dfe1ce9715b657e28d138578bc40126760efb962322c56e9ca344b",
                "sha256:f4ab143ab113be368a3e9b795f9cd7906c5ef407d6173fe9675a902e1fffc239",
                "sha256:f51328ffe987aecf6d09f3cd9d979face89a617eacdaea43e7b3080777f647ba",
                "sha256:f57b2a3c8353d3e04acf75b3fed57ba41f5c0646bbf1d10c7c282291c97936b4",
                "sha256:f7941f6f2fe6dd6807a1208737b8a0cbcf1cc6d7b07d24998ad2d63590868260",
                "sha256:fc04cc7a3db33664e0c2d10eb8990ff6b3536f6842c9590ae8da4c614b9ed05a",
                "sha256:fff7b9c3f19957020cac546c70025331113d2e61537f6e2441bc7657913de7d3"
            ],
            "markers": "python_version >= '3.9'",
            "version": "==7.10.7"
        },
        "dill": {
            "hashes": [
                "sha256:1e1ce33e978ae97fcfcff5638477032b801c46c7c65cf717f95fbc2248f79a9d",
                "sha256:423092df4182177d4d8ba8290c8a5b640c66ab35ec7da59ccfa00f6fa3eea5fa"
            ],
            "markers": "python_version >= '3.9'",
            "version": "==0.4.1"
        },
        "exceptiongroup": {
            "hashes": [
                "sha256:097acd85d473d75af5bb98e41b61ff7fe35efe6675e4f9370ec6ec5126d160e9",
                "sha256:343280667a4585d195ca1cf9cef84a4e178c4b6cf2274caef9859782b567d5e3"
            ],
            "markers": "python_version < '3.11'",
            "version": "==1.1.3"
        },
        "iniconfig": {
            "hashes": [
                "sha256:c76315c77db068650d49c5b56314774a7804df16fee4402c1f19d6d15d8c4730",
                "sha256:f631c04d2c48c52b84d0d0549c99ff3859c98df65b3101406327ecc7d53fbf12"
            ],
            "markers": "python_version >= '3.10'",
            "version": "==2.3.0"
        },
        "isort": {
            "hashes": [
                "sha256:182918b730772292d33564a6ac5b201ca2bb79a8ad2ac77e7681ecc0f19a8f84",
                "sha256:1878b5165b0db434c0c62373a81a111e1afffb373f20e57bd2020ebdbaa36808",
                "sha256:1b8d6c836fb83232f5f4c1c037d332caf743bb24dca63167bad9174ae13e150e",
                "sha256:2057236a764f31c78dac78f7343057621fcc2fd40461ce61061f34fd09066f46",
                "sha256:23d3b6657763f9be1b15bb9664b016abfce34849d6215a46a42af7945d4acd68",
                "sha256:2f41e40246742970db0227a2afb2d7da872bddd888826cf182c0916993fadb43",
                "sha256:2fb33e0c0f9f87821acf6d82c83f0a0c7e54680fdf3fe4131409d2b95901f00a",
                "sha256:3727eb33a9759649346481cf2a9287d656a170c31ed7c105856f9c6f5b539756",
                "sha256:466b0c3f156a21c10edefba697e641666bc26ffb0122bf08b42caa3d464c20aa",
                "sha256:5022b332ac91ccb39dc28bb206d5ae96ae7f8d45e710b072cb039b2fcda6602a",
                "sha256:5832683294dd61c59d00cd043a68d42f6ecd7dc7d04b73ac777f7f90a534d6ae",
                "sha256:5aac7263b7a7f9f647f94fb6df2761ff5b60a7168eb492ff39dd30443207fa19",
                "sha256:5e72a7063570f1d740f0284c7ae5739dc34c6a2d9f1049b13027a5bdadb56682",
                "sha256:67680927f739d4b48d67d8b7430faa92c95b02fb6075ca0351c6446214f6c7bb",
                "sha256:7281cdf538f682b8d75fa44bcdad1b299036bbc440855f7d61412b3b85d5727d",
                "sha256:771d5b7385292a0b2106229b792b8750954bbaf231e0475b1f53f1dd43e00936",
                "sha256:77f4b984ab3badbbf2363c849b92465e0f69e8fc54d1a932c87532a559269397",
                "sha256:7a75d4c21d8b93345a2743b96cc75c6f085aa89ddbaadd6edd5e9765be12ab77",
                "sha256:7ea5f505b152fedd2b990b39d8b76108a48b355da874025aad4982e8ceeb0f3d",
                "sha256:825c05d2d63a1b9c608c352503c10b6411a3c6e12bcacc97b306774ee379786f",
                "sha256:873cf1b6371d41e2a74d57d7c0176d311822f0415441abf8251ad074c9fe4a66",
                "sha256:89ebbcdbdd9d66cc14909bbac36acb9db29f37325606113c9f270242f8a1f896",
                "sha256:8f490acc182253d07071cc8255b57a281855e2e027b929a89eaa7c797f7b213e",
                "sha256:930879e4cfab3264f1d7346abeec10726b5382dc4be9f4251c25ec7fa057926b",
                "sha256:98d48ad47f705ac7f046cfaab0a11320ed0b903243ccb850347229414a364d28",
                "sha256:99b7bc28b1f05f7e3267629043a99c6c479a750df3689327a10324e396827f94",
                "sha256:9dd4664ad009552bc4c9f464bd31190d0f04132412ee4d9392145fdf58d92127",
                "sha256:ba23db109e3e93ef1999f7209a651214994cd807801addd16ac485982eb4edd7",
                "sha256:c08b2989a16a46e97af652266ee8af617eb5b1bfa3195cc921cc0dc66b485d10",
                "sha256:c2525606f62742fc4ed9f8ca89043b9522ac3e6f9c9892e6cb16f4870d937f38",
                "sha256:c3ce022ccedf63aa5fc77bd0e926b8561a1476c9709d7cedf63abd7967772aac",
                "sha256:cc9814ce2ee42c17007d822455e4db55e32e589808ecfc2665d51c848d0bb30a",
                "sha256:cdf765657edb2bcccbb1b20d26e710acbcb27379c0a407c6cb376e5619059a7b",
                "sha256:e3a2697ebcb54b51af4833de44447dbf31ddf081c5f163772092d21c0267483b",
                "sha256:f6877ed17054eae153d686270678b11c1f6cb79433a1c07453140cccbaf7cc1d",
                "sha256:fb7d55156a1f766a2b097165524f07be61ececa41a71ca33d24a00777f79a829",
                "sha256:fd326823ddbe338357ba1823b7f96481d4421d54c83ebd43c92f1b51314a24ae"
            ],
            "markers": "python_full_version >= '3.10.0'",
            "version": "==9.0.1"
        },
        "librt": {
            "hashes": [
                "sha256:04d5387b908676c0b8d5d2f5fb58373b4ea382d81f7a6f0fab8ea2a462bb4738",
                "sha256:077471b3182db4e17c36ae91555f36a4d2c00080b267f749bcad34a478a9a302",
                "sha256:0a15cb554761247d84a3ec0cbdf4078d70725384f0e4662c0fa3b26266eb60ad",
                "sha256:0da0d94cb802f32a0524653e7201f2cef72d5f700a5407678f5290483d4fcd08",
                "sha256:0e2d0c0acf5b0ada7d045912b7cf787c21315c95b38b1fa939ef72d45d366b3d",
                "sha256:0f0ee3644d951f31055ad07d77d92520e84505dd7a432cc4cd501dd70ee06785",
                "sha256:1172c6ad2a88b646e7fe3b480e3fac4ab4418b3443fd8a4061fdd531e0622fc7",
                "sha256:1256589e0b0adb31751d685a68bce29d73407ddf4ef05d4188f49d5dcf9566d9",
                "sha256:1a1a8cd430c7dd0c083f455cb1b328d7fc682b05c31b940906f7845bdff80881",
                "sha256:1cd3b721f24c206398b9e26da3c3a9c011e6e89d06f318ba8ebefc30f1003890",
                "sha256:1e47b8ba865d7ede071a91a7163073bbaeb72541f1ef8a07d512c45c7b5007f2",
                "sha256:1f4ef2e71db33df4309167ed7f1520c4fae5e611226e159fa9cf33f93e6ddb3d",
                "sha256:2067ff438048cead9d223ca5675bae2a25e520a7c3e6c1498bf9c6892d22caab",
                "sha256:22d6263b9d39d7bbb286fa791945646e3218f1be2d693e36fb630f1d0e59cd13",
                "sha256:234d8d394721fa0d786af15ebf1f3fb7f3ed82fd1cd0cde45c2f247b5d4281d2",
                "sha256:256237037a3ab001ae8d9803b2d43562a4c3aa38739843694349e4d5ebb0fd56",
                "sha256:291bf73caf78b9e88d6fae9bfd693207ff7d832e2fdbe2cf8e746bc13f5f892b",
                "sha256:29c4cab9df457b19672c39be7f384ebb2bc925c4e2684b8780c222b43eb36389",
                "sha256:2cfd1a81a648806e6a7717be4cc4d1bb392fa229752bf8444ba365e381e984d6",
                "sha256:2fde98cf1fc4bac144ce23c2c4c017b924ba714509ea9334977b0b27050c837d",
                "sha256:32896a0af72508ea979e0acb4e4c04cbeeae04938167950d535c83c45597167d",
                "sha256:355e3a4c725225a14262004fc1872a552b9d3634b4f791a0dfc80804aafbfd55",
                "sha256:3722a099730704c9a3d70c879fc0f51daec25fe5f1555672d97bc595abeafb95",
                "sha256:38c0c7d4b6fc06c3324b3f9162c8391bfc4fd9dde53afe1033ce7edb48d5a714",
                "sha256:39ffd14646190c454f0d86e0d256b33f00a87a26ab410e619773b841d0e41416",
                "sha256:3de789c82752730f94782a5ee518baf9c05edf85733aeaf73bb6e518755cdf54",
                "sha256:3e79f05e4a08b4d880342673312bbc895b56df7765605796f15902eb5367d3ae",
                "sha256:3ff5893a2c23d886aa9ce786de5ac6ddc74aeeaf90743682b74d920e117d2e28",
                "sha256:411ca4d1b905b860ceba7570dd6717a71dedaddcc4b0f77ece710aa41ee11f8d",
                "sha256:4388184646efe2054911c5b00a1077d6d1ee86a95b7e8ba96dc7850a809f3f40",
                "sha256:4a6369168d371207339b1e50d4532b06a7121586141f82599505a3f315751d47",
                "sha256:4bbcc257e3babea20a91715c361b24554ec4e8f51aa578568afc230799fe1a19",
                "sha256:4e66cbe84437497d951b799d3e1551291b6fb3d643820a7014b3655d57a59162",
                "sha256:4e6ee93fc3cf848dcbf0cce2eca73d8e7dcd0cc2b6df3a529d57750b30a4c55c",
                "sha256:4eafbaff06b9563f8b1c850621ce51605de05208e09d4d71ce490bc972b7b9e8",
                "sha256:52e8db01f603f5da0ca30987479acff98769382efc8e142fa3962395dcf3ffdb",
                "sha256:5500eeae393a184d14e1f35645962c27129d20c81afa4069e6ef826ebc2b3aaa",
                "sha256:55456ea87d8df21808446d03817be2f65e20391c1c615d9187440dff28cd08dc",
                "sha256:5563302a8359bc2295bb7084d1a8ed1519df96afb30eb2aa4e0bff7b54228988",
                "sha256:567b1c430f8bd560e689421468278ac5941bab4a05303b5d95b6ae10db03f451",
                "sha256:57f5eeb6ad4c180de583b1038e61fe5fbd9796bb69a8a1c1a0c7ddbec4c8c60f",
                "sha256:59fe030d8ae4a57e3fb7756bf35a858de74e04066fc8555c53d0af979132af81",
                "sha256:5a6526a2a956bbb1e4ae3568c82e650fc99119c66bb011ea60715744955a2b4d",
                "sha256:5a86a5a08c2235316bdb359d5dbb6ce0abfca7fac06363103e2c5af571d92f95",
                "sha256:5d2a91724463bfed4f573cd7a9fdc856d2e230d0c0e5a61416a93481dccd8605",
                "sha256:64b0c8c35aa4c4ed79896359f3e0b285cbe4e610042106500da4811c322cc108",
                "sha256:68242379c9b65a582b6e97318a1e9fbd6d445e58954f2d437991c4804ab11578",
                "sha256:6912fa5e635d74529ac7cdb1bdf6ca3af4453da8d1edbe0110ee1cb4ad407ebf",
                "sha256:6c013cd3a1721e69e14380ada97eaa4b7b0cdf1c6b96fa765d4ea47c875088db",
                "sha256:6c0eb900c0e91f4aebe680845242e614f1864edfd44106380d0752ac29522bf8",
                "sha256:6c6624fe268625869485553dd7cc1daf30d22558215bb2a4ff16f67a9801a31a",
                "sha256:6d15a29033c57490cfe2069097c6fc4049e4e65ffbb749be7dc453b7c4c68965",
                "sha256:6d28a05796b99f749bf8794f17ba9ba1612d0076b802e9cfc62c554634e9ce3b",
                "sha256:6d5225ef8801e4ea5e482fa9b5dfb891dd9ef6f6d870f1f25d449ca2c70ac218",
                "sha256:6da110e5f314c19ab8478464d02ae18808ae73d522c15260fa4918acdcd64da9",
                "sha256:6ecfc32dfb46fb7b565bcd6abf9412acf978775a998273d22888a6d7953730dd",
                "sha256:713bd7df21170b982e729e46870f31d6b437bd1a9b4648cffb529bd3c2ec5c4b",
                "sha256:71599e011ac880e8e45d46047d714871894c7d4ab6f25626f8d4f89da21f368d",
                "sha256:7220697efaa6e5348fc3d18ee7f8563d4bfecd9872b37ffb915bfc1d08840622",
                "sha256:73b30cfa976659b3917c8f6153bdb0591c6a9ec6583599fd24a689b690622022",
                "sha256:779a6e7c894737e5983e7790a9c78c4000c30e23c9aada08081bdbea53b0fa60",
                "sha256:80811e1c42386ea95c6fb30571d3250ad43d7863f883f787f70517f441150e59",
                "sha256:814ff83a25b5fce8b9c80c4dd803153fb5c5599fc74db9e022466938368957ef",
                "sha256:81a398f45b45a59200e13cd5ad1ae1d3f44334de98b148331afe2cdfee701c52",
                "sha256:823b92cf3c18ecd08afc70c42473888b41b6e8ef5046f3b82c05c154a2fa3d22",
                "sha256:82909c8f7eb9952656b65d3147afde4cf8e6d5a991eebc86418b5e65843b0ab8",
                "sha256:83380ffde38062a2e9bb55d83e74474f6614665528b98a6928720fc006dfffbb",
                "sha256:8443e38dcfcfdbcf5add5118c623efd788d65ac2e25756d6251a54a06a4d0aca",
                "sha256:84d244b00604d17df3fc7736c327892d6bba66181254aa4087be807b6c342bdc",
                "sha256:856f743ae607f2c1380eccb566c0038a9fb3eabf0fc2be2704d76d9f73557239",
                "sha256:85ea21ec6730194d67156b0e0b5430ccb1d61f8b8b907e39b37f9812b74a13f0",
                "sha256:86a21a7bd3fe3a419512ef424cc1c020f6771d0b29cfddff36d1635a855e63f0",
                "sha256:88c2a17815c266e6d8180204ff62cb739ab869ada4a746d4c505331526ac58f1",
                "sha256:89cc46cfd15022e35084355478c9ac809d90b1152222706ac9a7655ec21df6fa",
                "sha256:8ae493ed5f659a7761c43d42f183db514536073ded9bcf671d2d1df47e29a07e",
                "sha256:8b2fdd7ead3c995c37940a790690660d0ca006c302db26cc51933f6766866fc3",
                "sha256:8b62076030baa2d8b1501a46bf0e19c27a489aa90671c55665bff7887f7660b0",
                "sha256:8e11699ed745931c395acd3621b07062e0f840efa6935aad87a64ed0995f0915",
                "sha256:92bfed8deec93df30286b9fe9e3b1dd17329cc076a192b4ee5ec223841d54953",
                "sha256:96bb17dbe8bab3c0954fbebfc69ed395599de75b6bbc35e3270a878e15d4dd65",
                "sha256:97335f59082f9fe2ce6c2a9cc6433a0114bbb6cd4d5c09dd76c95c68b9f9a8b0",
                "sha256:a417149c0cba4d50b61e992e5a15e69eaf96746609b461cc4ed168aeef6b79dd",
                "sha256:a5207ec414d1c4a2a7231b2086970dc036f94293cdf338190984958a013a42f1",
                "sha256:a54cf9e0ef47b96af580849db5471142200568ce1e02cbf416addab551369570",
                "sha256:a56a1d4f859a82ca5b99fc4b82c9b027b15e3c455c5cd99e7d0719f27bb20b6c",
                "sha256:a5fa8f1f916988d0bf1afea005bda37f56ac41a18016e813ccf0097a8d460ca4",
                "sha256:a6cd22c9da0d866558e46a041f1cc0c2bbb26b61b137b2347fa834c332e1d101",
                "sha256:aa1f1995789dca3698bc550aaceb09a51bd5df0a057ff84ff15296cd1975b801",
                "sha256:b0411b4066db926b80258c60dcb0e6db4c9cee312eab45b7e8866b17ddf9ada1",
                "sha256:b230acc1c3bfe2d6f2627ba2b95dc92e58aa494600e9722d0e6ccbc931e59702",
                "sha256:b30e600e8f337b9bd7f39b86d9fdfedc73cc46e3d0f745931a23a234220bb7e2",
                "sha256:b845b8d48088fad0cadc84be4b8fda63203be7e9237b71015b3925443c1f35ab",
                "sha256:b87d67e33afaf265262f2a66db578284b88ee2e6fcd224579cb5c15518677ad8",
                "sha256:bac89069bc496ebdf4f79ebb57bbd10d0b214c8454225deb672d91002bd17e18",
                "sha256:bc25fb356d0c7810bb49ff3df908ad1fda6995d660ab099ded69244ed7ab6053",
                "sha256:bccbd8e5b0bffb7106cf18eb1baa3d7194b1cebb3b4b1cdbd4bdb19382a6ee6c",
                "sha256:c16d15ee371643ab48dc8248a3e680ebbeca573a13af2c3dd0c985b142d77162",
                "sha256:c434e072557ade9cbc642d052c89d031efe47d5c9614523619d0d74a02378e81",
                "sha256:c47318cd3a61401452de11282242937e3e057c4fd3dbaf601e269d0928a06c0a",
                "sha256:c70bc1b602cf59917e8f0c7a2cbc8bcc6fbc14d5486136b00707a79619121d63",
                "sha256:c7eec6a42018bc1d45763b1c162d3d2bf7c3b9a1b0ed30d3e91dcba390efefcc",
                "sha256:c802434092b769b1d613ed2e13fac15fbfce1934a74bd10283b03c0fae231cd1",
                "sha256:cc30523e3f1a23fb7511cc659834a0d01a1042bb9de359bc1c131cc4ec6c9656",
                "sha256:d00d20d1818e82a07a0ee0aa89a98b17ed7916b92441090b683719cb20a59b6d",
                "sha256:d2813ba2503764f0450680c533d13df7cff9b49df1411062eded5f67db4195b9",
                "sha256:d2c05c729b589e734c09578bf5964be48a911765484840d017bbc84f49d4c4ad",
                "sha256:d4c7bacb70930f3d0a56f4ecf1be474a1f0d941b01dd73b756f3c256d42cb879",
                "sha256:d5f51401d102c885b9ca509e62c79b1dbff286e1b9b047fde6f763780789356d",
                "sha256:d8363d7accb0286ac3a0e633f396e93800dafb8150494505daf9515bbda591f3",
                "sha256:d8bc24219b24c0af375718942ab75e3544b2763085f40f965be4326734ae8328",
                "sha256:d8edcf6f550e918dca779c069b9e156385c60b406f99fc7641f32c52f7193659",
                "sha256:da7a94d6a3411f579d72aa3e3bc5fbca7ed4549f3dbd7e5de3aa567333374285",
                "sha256:db13ca398005abcbe538deda87b686d9bd08b7001cf40c4c06b444960ae10a26",
                "sha256:dbab647e88d90b3167b91efe7091e248653688ed4337e4f90907a722c7361bb9",
                "sha256:dbd605739f228912dc49027cb764456b9757750bdc2b6b7773164db7096c6fd1",
                "sha256:e0b5deec9a8664eb722c797241970fd4aa1894d25fda36a1ddac0f7407606bd6",
                "sha256:e0d00c708fb2f5822b152429b1ac80a58dbbbc3f6c232c4d13a3f7fcf2ea5b4c",
                "sha256:e1a49adf16a7c9d9646816c2946135527197b6fcf4347c7b8b761cf1bfbf4489",
                "sha256:e3b461183c5fa7681b48560f91515f53a953122fb30c71e07abc67d7ddf58c38",
                "sha256:e4c911f15a1652ca94ae9f1abd92e74cbb1b3597d2d92fdd556202f94e8cd455",
                "sha256:e56b6a368529bed262da40ce13f8fef590db0479819cca84f16a1f01ac356d0b",
                "sha256:e87bc679f86a99aa3b26e3c78eeb821a247c9a28eae48eaafcc32c3bf4c3bb9e",
                "sha256:e8c9a650a188e38bac005048cbe6342e81407782944d01934540ab75e417df21",
                "sha256:eab9208b00ca55bf75983ec99f7bf13acc746a36102e98953addaad7f7ea1e1b",
                "sha256:ec3ba415afaf951f6951b1dd16d3c8e4f540065fc382d7e70b823a79567ca374",
                "sha256:ec4b19788f835711a2072f9dbe6b03b3bf32ed1f0fb30cf399bdd59d9f0c33fa",
                "sha256:f395a4a9a03ac062dbe9a9f82e0c720502e590a38feee6a757bc82e9c63afbd8",
                "sha256:f42b74a53e5f26a0ba0007411a7455b66c67ce4022a39cc1f56fc4efd65bcbab",
                "sha256:f54598964d357b1c5ab77cf5d92f21e598fe0e23cdbe9618480807f81b4eba15",
                "sha256:f56b397858a23dacf35ede366ed2212fdc03a6a57a1ad36468ad6e9dc5fac091",
                "sha256:f5de7feedc56337a088eb15cd9fafa9938367362221d8cc62c642b7f94821993",
                "sha256:f75720477ee05d509a310e856cacc8d909adc182f7b91193c207bcc26d7ee6db",
                "sha256:f779070399f991400fc451719e0ea388eb7de313388bada2c127a35de05f798a",
                "sha256:f9ca190fe9edc0eb08eec558a509a16d28d91c35667b8f043cba40ed5e77a959",
                "sha256:fa60887537e1d0cd2d9982269d33a709bf54b195cd2b9364fc0a758022af5bd9",
                "sha256:fc1ed11c4ad0b91af24def2050f2840ea4567828e3dd058fbe608d982f6e5465",
                "sha256:febb1ce6cac545a54e6b769982824e955a700fdd9fbf3a08a3d82c990968b57d"
            ],
            "markers": "python_version >= '3.9'",
            "version": "==0.15.0"
        },
        "mccabe": {
            "hashes": [
                "sha256:348e0240c33b60bbdf4e523192ef919f28cb2c3d7d5c7794f74009290f236325",
                "sha256:6c2d30ab6be0e4a46919781807b4f0d834ebdd6c6e3dca0bda5a15f863427b6e"
            ],
            "markers": "python_version >= '3.6'",
            "version": "==0.7.0"
        },
        "mypy": {
            "hashes": [
                "sha256:114dff494000f18bd10d5d95d84b8567b26da60279ecbe838131841df20e635d",
                "sha256:18162b128c3f9c703cd35f5537446900b0d21a2549aa7a95d21380d2ef643fb0",
                "sha256:192abaedf75da1bc0b1cef104927e70ec49c1ef0031cc4825c7ee10a438ed24d",
                "sha256:1c80fbc405ed8020f5ff3802dc18cf060197bcdd3fbdd6a26ef2fd34dfdd5226",
                "sha256:2166b29228835e1f88ff411e96639e6ca3c7fdde84b62ec211f70f86b4051167",
                "sha256:2329c0501293d4e1f33bc15d04d6304d65a1cdda967ee93a05c1e681a3923133",
                "sha256:2a0ba2e57847849fb0d1fcdabb32786d223095ed8bc121dfe322bcdb3d9c46bc",
                "sha256:30c0477d4aab7b7f39c8397dc877f2c96b9fe5588ec379f372c56eb63d599f63",
                "sha256:375d7013876a8233b2d05be185bfa09f689696cd999ce8b1cfe6acac5c80e8a3",
                "sha256:3c80cd23d85368bdd9f37d5231dfd97d35bcbf5bf41af96ef3a9b078ad1957f9",
                "sha256:3f7e865dd51f235f60a2dbcd8728a1c095f5ca28f095d48a725b84cd935735c4",
                "sha256:47a8a7a0a7f6f6e63995c0ac36fa0c07b127413fdc81f0439b7f3dccafd33561",
                "sha256:47c1b1207258513a9d93495f69c8be9de73916186f0e52703e8c461b7a623419",
                "sha256:4956f34d145e145562a0a0bf367f642bbc85c04ec2baf47ae015947c3169a85d",
                "sha256:4c5095a327483591c94e0c8d3ef9e50d4ab1369b541eae007c1f23bc2a41f6bb",
                "sha256:5159ae60f5dbc3a498af5ba8365505808ac8031bc63f9e00304ad545d40bdd9b",
                "sha256:52eaf3a155f35cf80b40220288c861eb45f14a2340c1f6cbfbdb0feff32879d1",
                "sha256:57a936373fc690c43a8cd7e7e12a35148e4ec5aa7698ad7fc0a9f918bdc5be41",
                "sha256:586b3612214cceabb3c0f588c97e7d1e535393f06a60e912e994f6b3ace97523",
                "sha256:667196b352f4cf304ded4c10f90cfc179263a1acfb3cdcfa984bdfd340d498bc",
                "sha256:6941ab3619377bc3f32ca02876b07d27f216f5201604b664d3937ea0fdd23bb4",
                "sha256:6ed5c7e3419083268e5c9258bd1c1ef91af44a9e89374dbcaf37b775716e72eb",
                "sha256:6f041a6de52c9217ca125e78ba0a335cb7fd98a1c0580978e49ab2b126f70b57",
                "sha256:71af9c8a894e862b58e92abb08e53b05a384a1e5e5d6dc7cda59126211a53d82",
                "sha256:77ad9529e67dca28e511f5cd5671436584ce91f6d3bac159a353158187b986ac",
                "sha256:83d36c2924df7426333abe7faf4724a7e1aab0d9fd41625e81b4683034b80c13",
                "sha256:84081f538ce27375045c02e3d7f81bd11d853400621ae245d87ce7b6c420ec74",
                "sha256:851833db876e7b650f93719c74b7879a08e338979c96054fdfc3bfd90a486355",
                "sha256:858fc57d3d91fa728e33e7ad71def60fc6272694607b306cd3292db53ae39080",
                "sha256:8ad80807dc3ab8ea978b1b2b6e4a657194ace1d4ef03e0e731aff1abd517da29",
                "sha256:8e036f06b41630f4c8a1d48f9ac6aa26acc65f8be089973f5519da643318f03f",
                "sha256:94f04929f1c44c35fb0061e912087edaf504acede963a4a7d00680bd089d8531",
                "sha256:9b4eacbee8a69836c06eff6d0dd4e134a07c2b047755b30c08625fe214f322c6",
                "sha256:a32bbbb940af990d3be0b8af321c7b6815bb1b3b48142fe7459b9cc5f58959ff",
                "sha256:b091a455111214cb5c9d54a57b9618e9a49f9fe2a42e4e1ac86e9d104ed96ce8",
                "sha256:b9c53e395c12cad2c6d4b67d5da7c6057638a132d85c08b73646b18f802a0045",
                "sha256:bb26deed807bdb0457cf3e3f1cd7c4a1cf9d66864eaf1b4a61e06805d4c6b1f9",
                "sha256:bbfe022634a2a195406bd469e888d2eaf193b02ba7e607391cd7640374aaae3b",
                "sha256:bf678dffd16efcda2c15cbd30e9ecc0081388e29ea23687a88e686ed92638dc3",
                "sha256:c8637731bb5eee3671eb2c3200827aa3564ed8a9309ecee4d1afe77e6d031bdb",
                "sha256:cfb12e360242d23d91f5e978d94f58ea66acf5804c4fb6f2f794a20d4cb1b595",
                "sha256:d00d769056bde2f4e69c175071eba45cfb44fa1ed92bdfbfe64a93e0543b0cf0",
                "sha256:df12e20c9efd614738c71b390007ecd0181125afc4ccafca04d78a1d2eed2c01",
                "sha256:e099200a1b1b1223a4951f0a90cbff1b8c91b250ba599dab1f7217a628144d90",
                "sha256:e598c8c66401d26b150872154a286e6d484cf2789c3bb28a7556806298423021",
                "sha256:e5f1c50bb05b64e2026b52867e8d21106f01313c744a2c4ecc34c90d12e8d6e2",
                "sha256:e9144ac16fde007096f9563eb2041b4433c2d705c4218edeb79e7e9d01035ee6",
                "sha256:eda22fd4efa9dcd39331d1dede9b5b8b8a7fd69af07592e778433da98610d29e",
                "sha256:ef0c6335cda9d807f8193d8ff6204a72bc909fa9882aacbca14f43cdb7188306",
                "sha256:f12fdb70459d0060dea40b29e52163a961b156106d68d57882a6a9f648983a53",
                "sha256:f5d716048611e85ca9eefb2e1baa5d73ede389b5820ded260ea27c757d667af8",
                "sha256:ff715e45b2231a8e85de1d163d1b42791e4d7aab8f5145f85fee1b710b735aff"
            ],
            "index": "pypi",
            "markers": "python_version >= '3.10'",
            "version": "==2.3.1"
        },
        "mypy-extensions": {
            "hashes": [
                "sha256:1be4cccdb0f2482337c4743e60421de3a356cd97508abadd57d47403e94f5505",
                "sha256:52e68efc3284861e772bbcd66823fde5ae21fd2fdb51c62a211403730b916558"
            ],
            "markers": "python_version >= '3.8'",
            "version": "==1.1.0"
        },
        "packaging": {
            "hashes": [
                "sha256:5fc45236b9446107ff2415ce77c807cee2862cb6fac22b8a73826d0693b0980e",
                "sha256:ff452ff5a3e828ce110190feff1178bb1f2ea2281fa2075aadb987c2fb221661"
            ],
            "markers": "python_version >= '3.8'",
            "version": "==26.2"
        },
        "pathspec": {
            "hashes": [
                "sha256:17db5ecd524104a120e173814c90367a96a98d07c45b2e10c2f3919fff91bf5a",
                "sha256:a00ce642f577bf7f473932318056212bc4f8bfdf53128c78bbd5af0b9b20b189"
            ],
            "markers": "python_version >= '3.9'",
            "version": "==1.1.1"
        },
        "platformdirs": {
            "hashes": [
                "sha256:4f41487eeeeeb07f3a6625e61d9bc0ae6809f92d3386dbd74392fbb76108104d",
                "sha256:8a02cb259042c79d1cd0450facc2fe6dc9d303ae7901afbe33bf8ea0b188cef6"
            ],
            "markers": "python_version >= '3.10'",
            "version": "==4.11.7"
        },
        "pluggy": {
            "hashes": [
                "sha256:7dcc130b76258d33b90f61b658791dede3486c3e6bfb003ee5c9bfb396dd22f3",
                "sha256:e920276dd6813095e9377c0bc5566d94c932c33b27a3e3945d8389c374dd4746"
            ],
            "markers": "python_version >= '3.9'",
            "version": "==1.6.0"
        },
        "pygments": {
            "hashes": [
                "sha256:6757cd03768053ff99f3039c1a36d6c0aa0b263438fcab17520b30a303a82b5f",
                "sha256:81a9e26dd42fd28a23a2d169d86d7ac03b46e2f8b59ed4698fb4785f946d0176"
            ],
            "markers": "python_version >= '3.9'",
            "version": "==2.20.0"
        },
        "pylint": {
            "hashes": [
                "sha256:1c1b2128bde5ff5e966801413080b6384d42a5782718d528c906dbb6beab94ed",
                "sha256:3341c08c0aabaa4adc71516de0969f3ba5c692b56c75af4dcb4d242823fbe363"
            ],
            "index": "pypi",
            "markers": "python_full_version >= '3.10.0'",
            "version": "==4.0.8"
        },
        "pytest": {
            "hashes": [
                "sha256:1088fbde8f2b49d95a549a195707afa7a76a3ce9bcadc26b6d71f0ffda5fe313",
                "sha256:37a86b45efb9a47a61a36449063e8e18d0cab3161329fc099eb21783169c4f0c"
            ],
            "index": "pypi",
            "markers": "python_version >= '3.10'",
            "version": "==9.1.1"
        },
        "pytest-cov": {
            "hashes": [
                "sha256:33c97eda2e049a0c5298e91f519302a1334c26ac65c1a483d6206fd458361af1",
                "sha256:3b8e9558b16cc1479da72058bdecf8073661c7f57f7d3c5f22a1c23507f2d861"
            ],
            "index": "pypi",
            "markers": "python_version >= '3.9'",
            "version": "==7.0.0"
        },
        "pytokens": {
            "hashes": [
                "sha256:0fc71786e629cef478cbf29d7ea1923299181d0699dbe7c3c0f4a583811d9fc1",
                "sha256:11edda0942da80ff58c4408407616a310adecae1ddd22eef8c692fe266fa5009",
                "sha256:140709331e846b728475786df8aeb27d24f48cbcf7bcd449f8de75cae7a45083",
                "sha256:24afde1f53d95348b5a0eb19488661147285ca4dd7ed752bbc3e1c6242a304d1",
                "sha256:26cef14744a8385f35d0e095dc8b3a7583f6c953c2e3d269c7f82484bf5ad2de",
                "sha256:27b83ad28825978742beef057bfe406ad6ed524b2d28c252c5de7b4a6dd48fa2",
                "sha256:292052fe80923aae2260c073f822ceba21f3872ced9a68bb7953b348e561179a",
                "sha256:29d1d8fb1030af4d231789959f21821ab6325e463f0503a61d204343c9b355d1",
                "sha256:2a44ed93ea23415c54f3face3b65ef2b844d96aeb3455b8a69b3df6beab6acc5",
                "sha256:30f51edd9bb7f85c748979384165601d028b84f7bd13fe14d3e065304093916a",
                "sha256:34bcc734bd2f2d5fe3b34e7b3c0116bfb2397f2d9666139988e7a3eb5f7400e3",
                "sha256:3ad72b851e781478366288743198101e5eb34a414f1d5627cdd585ca3b25f1db",
                "sha256:3f901fe783e06e48e8cbdc82d631fca8f118333798193e026a50ce1b3757ea68",
                "sha256:42f144f3aafa5d92bad964d471a581651e28b24434d184871bd02e3a0d956037",
                "sha256:4a14d5f5fc78ce85e426aa159489e2d5961acf0e47575e08f35584009178e321",
                "sha256:4a58d057208cb9075c144950d789511220b07636dd2e4708d5645d24de666bdc",
                "sha256:4e691d7f5186bd2842c14813f79f8884bb03f5995f0575272009982c5ac6c0f7",
                "sha256:5502408cab1cb18e128570f8d598981c68a50d0cbd7c61312a90507cd3a1276f",
                "sha256:584c80c24b078eec1e227079d56dc22ff755e0ba8654d8383b2c549107528918",
                "sha256:5ad948d085ed6c16413eb5fec6b3e02fa00dc29a2534f088d3302c47eb59adf9",
                "sha256:670d286910b531c7b7e3c0b453fd8156f250adb140146d234a82219459b9640c",
                "sha256:682fa37ff4d8e95f7df6fe6fe6a431e8ed8e788023c6bcc0f0880a12eab80ad1",
                "sha256:6d6c4268598f762bc8e91f5dbf2ab2f61f7b95bdc07953b602db879b3c8c18e1",
                "sha256:79fc6b8699564e1f9b521582c35435f1bd32dd06822322ec44afdeba666d8cb3",
                "sha256:8bdb9d0ce90cbf99c525e75a2fa415144fd570a1ba987380190e8b786bc6ef9b",
                "sha256:8fcb9ba3709ff77e77f1c7022ff11d13553f3c30299a9fe246a166903e9091eb",
                "sha256:941d4343bf27b605e9213b26bfa1c4bf197c9c599a9627eb7305b0defcfe40c1",
                "sha256:967cf6e3fd4adf7de8fc73cd3043754ae79c36475c1c11d514fc72cf5490094a",
                "sha256:970b08dd6b86058b6dc07efe9e98414f5102974716232d10f32ff39701e841c4",
                "sha256:97f50fd18543be72da51dd505e2ed20d2228c74e0464e4262e4899797803d7fa",
                "sha256:9bd7d7f544d362576be74f9d5901a22f317efc20046efe2034dced238cbbfe78",
                "sha256:add8bf86b71a5d9fb5b89f023a80b791e04fba57960aa790cc6125f7f1d39dfe",
                "sha256:b35d7e5ad269804f6697727702da3c517bb8a5228afa450ab0fa787732055fc9",
                "sha256:b49750419d300e2b5a3813cf229d4e5a4c728dae470bcc89867a9ad6f25a722d",
                "sha256:d31b97b3de0f61571a124a00ffe9a81fb9939146c122c11060725bd5aea79975",
                "sha256:d70e77c55ae8380c91c0c18dea05951482e263982911fc7410b1ffd1dadd3440",
                "sha256:d9907d61f15bf7261d7e775bd5d7ee4d2930e04424bab1972591918497623a16",
                "sha256:da5baeaf7116dced9c6bb76dc31ba04a2dc3695f3d9f74741d7910122b456edc",
                "sha256:dc74c035f9bfca0255c1af77ddd2d6ae8419012805453e4b0e7513e17904545d",
                "sha256:dcafc12c30dbaf1e2af0490978352e0c4041a7cde31f4f81435c2a5e8b9cabb6",
                "sha256:ee44d0f85b803321710f9239f335aafe16553b39106384cef8e6de40cb4ef2f6",
                "sha256:f66a6bbe741bd431f6d741e617e0f39ec7257ca1f89089593479347cc4d13324"
            ],
            "markers": "python_version >= '3.8'",
            "version": "==0.4.1"
        },
        "tomli": {
            "hashes": [
                "sha256:939de3e7a6161af0c887ef91b7d41a53e7c5a1ca976325f429cb46ea9bc30ecc",
                "sha256:de526c12914f0c550d15924c62d72abc48d6fe7364aa87328337a31007fe8a4f"
            ],
            "markers": "python_version < '3.11'",
            "version": "==2.0.1"
        },
        "tomlkit": {
            "hashes": [
                "sha256:177a05aece5a8ca5266fd3c448abb47b8d352f09d477d3ca8332db4d89b24304",
                "sha256:e25bbf38843005246210a12982776f27f99cb9be67160e14434d0c0d21ee1e97"
            ],
            "markers": "python_version >= '3.9'",
            "version": "==0.15.1"
        },
        "typing-extensions": {
            "hashes": [
                "sha256:481caa481374e813c1b176ada14e97f1f67a4539ce9cfeb3f350d78d6370c2e8",
                "sha256:dc983d19a509c94dba722ee6abd33940f7c05a89e243c47e907eb4db6f1a43e5"
            ],
            "markers": "python_version >= '3.9'",
            "version": "==4.16.0"
        }
    }
}
